
Microsoft Visual Studio Solution File, Format Version 12.00
# Visual Studio Version 17
VisualStudioVersion = 17.8.34511.84
MinimumVisualStudioVersion = 10.0.40219.1
Project("{E24C65DC-7377-472B-9ABA-BC803B73C61A}") = "Meal Client", "..\..\..\Desktop\Tomer\Meal Client\", "{A2D5CDBC-0587-407C-915F-A793B6CB36B3}"
	ProjectSection(WebsiteProperties) = preProject
		TargetFrameworkMoniker = ".NETFramework,Version%3Dv4.8"
		Debug.AspNetCompiler.VirtualPath = "/localhost_63745"
		Debug.AspNetCompiler.PhysicalPath = "..\..\..\Desktop\Tomer\Meal Client\"
		Debug.AspNetCompiler.TargetPath = "PrecompiledWeb\localhost_63745\"
		Debug.AspNetCompiler.Updateable = "true"
		Debug.AspNetCompiler.ForceOverwrite = "true"
		Debug.AspNetCompiler.FixedNames = "false"
		Debug.AspNetCompiler.Debug = "True"
		Release.AspNetCompiler.VirtualPath = "/localhost_63745"
		Release.AspNetCompiler.PhysicalPath = "..\..\..\Desktop\Tomer\Meal Client\"
		Release.AspNetCompiler.TargetPath = "PrecompiledWeb\localhost_63745\"
		Release.AspNetCompiler.Updateable = "true"
		Release.AspNetCompiler.ForceOverwrite = "true"
		Release.AspNetCompiler.FixedNames = "false"
		Release.AspNetCompiler.Debug = "False"
		VWDPort = "63745"
		SlnRelativePath = "..\..\..\Desktop\Tomer\Meal Client\"
	EndProjectSection
EndProject
Global
	GlobalSection(SolutionConfigurationPlatforms) = preSolution
		Debug|Any CPU = Debug|Any CPU
	EndGlobalSection
	GlobalSection(ProjectConfigurationPlatforms) = postSolution
		{A2D5CDBC-0587-407C-915F-A793B6CB36B3}.Debug|Any CPU.ActiveCfg = Debug|Any CPU
		{A2D5CDBC-0587-407C-915F-A793B6CB36B3}.Debug|Any CPU.Build.0 = Debug|Any CPU
	EndGlobalSection
	GlobalSection(SolutionProperties) = preSolution
		HideSolutionNode = FALSE
	EndGlobalSection
	GlobalSection(ExtensibilityGlobals) = postSolution
		SolutionGuid = {7A22DC08-9445-4151-AE99-1F68019BC065}
	EndGlobalSection
EndGlobal
